
Microsoft Visual Studio Solution File, Format Version 12.00
# Visual Studio Version 16
VisualStudioVersion = 16.0.31613.86
MinimumVisualStudioVersion = 10.0.40219.1
Project("{FAE04EC0-301F-11D3-BF4B-00C04F79EFBC}") = "FavoriteColorAndNumber", "FavoriteColorAndNumber\FavoriteColorAndNumber.csproj", "{7292D35B-D5C5-4BF5-AAE3-16A8D21871AB}"
EndProject
Global
	GlobalSection(SolutionConfigurationPlatforms) = preSolution
		Debug|Any CPU = Debug|Any CPU
		Release|Any CPU = Release|Any CPU
	EndGlobalSection
	GlobalSection(ProjectConfigurationPlatforms) = postSolution
		{7292D35B-D5C5-4BF5-AAE3-16A8D21871AB}.Debug|Any CPU.ActiveCfg = Debug|Any CPU
		{7292D35B-D5C5-4BF5-AAE3-16A8D21871AB}.Debug|Any CPU.Build.0 = Debug|Any CPU
		{7292D35B-D5C5-4BF5-AAE3-16A8D21871AB}.Release|Any CPU.ActiveCfg = Release|Any CPU
		{7292D35B-D5C5-4BF5-AAE3-16A8D21871AB}.Release|Any CPU.Build.0 = Release|Any CPU
	EndGlobalSection
	GlobalSection(SolutionProperties) = preSolution
		HideSolutionNode = FALSE
	EndGlobalSection
	GlobalSection(ExtensibilityGlobals) = postSolution
		SolutionGuid = {99F4058B-3291-44FA-80B1-5F957489361F}
	EndGlobalSection
EndGlobal
