
Microsoft Visual Studio Solution File, Format Version 12.00
# Visual Studio Version 16
VisualStudioVersion = 16.0.31702.278
MinimumVisualStudioVersion = 10.0.40219.1
Project("{FAE04EC0-301F-11D3-BF4B-00C04F79EFBC}") = "PerpleApp", "PerpleApp.csproj", "{D2036B84-D9D2-4952-8826-0D97044450C9}"
EndProject
Global
	GlobalSection(SolutionConfigurationPlatforms) = preSolution
		Debug|Any CPU = Debug|Any CPU
		Release|Any CPU = Release|Any CPU
	EndGlobalSection
	GlobalSection(ProjectConfigurationPlatforms) = postSolution
		{D2036B84-D9D2-4952-8826-0D97044450C9}.Debug|Any CPU.ActiveCfg = Debug|Any CPU
		{D2036B84-D9D2-4952-8826-0D97044450C9}.Debug|Any CPU.Build.0 = Debug|Any CPU
		{D2036B84-D9D2-4952-8826-0D97044450C9}.Release|Any CPU.ActiveCfg = Release|Any CPU
		{D2036B84-D9D2-4952-8826-0D97044450C9}.Release|Any CPU.Build.0 = Release|Any CPU
	EndGlobalSection
	GlobalSection(SolutionProperties) = preSolution
		HideSolutionNode = FALSE
	EndGlobalSection
	GlobalSection(ExtensibilityGlobals) = postSolution
		SolutionGuid = {E6A25C74-75A1-4B7A-A766-7BB5C0FB9C05}
	EndGlobalSection
EndGlobal
