
Microsoft Visual Studio Solution File, Format Version 12.00
# Visual Studio Version 16
VisualStudioVersion = 16.0.31702.278
MinimumVisualStudioVersion = 10.0.40219.1
Project("{FAE04EC0-301F-11D3-BF4B-00C04F79EFBC}") = "PE9Q2", "PE9Q2.csproj", "{42F1CAB5-6DF8-4C4A-B192-7C0F6B84D4C2}"
EndProject
Global
	GlobalSection(SolutionConfigurationPlatforms) = preSolution
		Debug|Any CPU = Debug|Any CPU
		Release|Any CPU = Release|Any CPU
	EndGlobalSection
	GlobalSection(ProjectConfigurationPlatforms) = postSolution
		{42F1CAB5-6DF8-4C4A-B192-7C0F6B84D4C2}.Debug|Any CPU.ActiveCfg = Debug|Any CPU
		{42F1CAB5-6DF8-4C4A-B192-7C0F6B84D4C2}.Debug|Any CPU.Build.0 = Debug|Any CPU
		{42F1CAB5-6DF8-4C4A-B192-7C0F6B84D4C2}.Release|Any CPU.ActiveCfg = Release|Any CPU
		{42F1CAB5-6DF8-4C4A-B192-7C0F6B84D4C2}.Release|Any CPU.Build.0 = Release|Any CPU
	EndGlobalSection
	GlobalSection(SolutionProperties) = preSolution
		HideSolutionNode = FALSE
	EndGlobalSection
	GlobalSection(ExtensibilityGlobals) = postSolution
		SolutionGuid = {6E07E812-BD76-4370-8712-17E4997244E0}
	EndGlobalSection
EndGlobal
