
Microsoft Visual Studio Solution File, Format Version 12.00
# Visual Studio Version 16
VisualStudioVersion = 16.0.31702.278
MinimumVisualStudioVersion = 10.0.40219.1
Project("{FAE04EC0-301F-11D3-BF4B-00C04F79EFBC}") = "PE11Q5ClassLibrary", "PE11Q5ClassLibrary.csproj", "{B6AF5F90-283E-4864-8710-2BB38E08141A}"
EndProject
Global
	GlobalSection(SolutionConfigurationPlatforms) = preSolution
		Debug|Any CPU = Debug|Any CPU
		Release|Any CPU = Release|Any CPU
	EndGlobalSection
	GlobalSection(ProjectConfigurationPlatforms) = postSolution
		{B6AF5F90-283E-4864-8710-2BB38E08141A}.Debug|Any CPU.ActiveCfg = Debug|Any CPU
		{B6AF5F90-283E-4864-8710-2BB38E08141A}.Debug|Any CPU.Build.0 = Debug|Any CPU
		{B6AF5F90-283E-4864-8710-2BB38E08141A}.Release|Any CPU.ActiveCfg = Release|Any CPU
		{B6AF5F90-283E-4864-8710-2BB38E08141A}.Release|Any CPU.Build.0 = Release|Any CPU
	EndGlobalSection
	GlobalSection(SolutionProperties) = preSolution
		HideSolutionNode = FALSE
	EndGlobalSection
	GlobalSection(ExtensibilityGlobals) = postSolution
		SolutionGuid = {4ECCA3E8-DB0F-49C7-B3E8-3353E13F9363}
	EndGlobalSection
EndGlobal
