
Microsoft Visual Studio Solution File, Format Version 12.00
# Visual Studio Version 16
VisualStudioVersion = 16.0.31702.278
MinimumVisualStudioVersion = 10.0.40219.1
Project("{FAE04EC0-301F-11D3-BF4B-00C04F79EFBC}") = "Unit1Test1Q14", "Unit1Test1Q14.csproj", "{C7CBCA10-69CC-41FB-AB55-1E37485A2E49}"
EndProject
Global
	GlobalSection(SolutionConfigurationPlatforms) = preSolution
		Debug|Any CPU = Debug|Any CPU
		Release|Any CPU = Release|Any CPU
	EndGlobalSection
	GlobalSection(ProjectConfigurationPlatforms) = postSolution
		{C7CBCA10-69CC-41FB-AB55-1E37485A2E49}.Debug|Any CPU.ActiveCfg = Debug|Any CPU
		{C7CBCA10-69CC-41FB-AB55-1E37485A2E49}.Debug|Any CPU.Build.0 = Debug|Any CPU
		{C7CBCA10-69CC-41FB-AB55-1E37485A2E49}.Release|Any CPU.ActiveCfg = Release|Any CPU
		{C7CBCA10-69CC-41FB-AB55-1E37485A2E49}.Release|Any CPU.Build.0 = Release|Any CPU
	EndGlobalSection
	GlobalSection(SolutionProperties) = preSolution
		HideSolutionNode = FALSE
	EndGlobalSection
	GlobalSection(ExtensibilityGlobals) = postSolution
		SolutionGuid = {B7C23AB7-366F-434E-9816-1A58A26B4B43}
	EndGlobalSection
EndGlobal
