
Microsoft Visual Studio Solution File, Format Version 12.00
# Visual Studio Version 16
VisualStudioVersion = 16.0.31911.196
MinimumVisualStudioVersion = 10.0.40219.1
Project("{FAE04EC0-301F-11D3-BF4B-00C04F79EFBC}") = "Unit3TestQ8", "Unit3TestQ8.csproj", "{6480137D-056E-456C-8F42-016162BC3278}"
EndProject
Global
	GlobalSection(SolutionConfigurationPlatforms) = preSolution
		Debug|Any CPU = Debug|Any CPU
		Release|Any CPU = Release|Any CPU
	EndGlobalSection
	GlobalSection(ProjectConfigurationPlatforms) = postSolution
		{6480137D-056E-456C-8F42-016162BC3278}.Debug|Any CPU.ActiveCfg = Debug|Any CPU
		{6480137D-056E-456C-8F42-016162BC3278}.Debug|Any CPU.Build.0 = Debug|Any CPU
		{6480137D-056E-456C-8F42-016162BC3278}.Release|Any CPU.ActiveCfg = Release|Any CPU
		{6480137D-056E-456C-8F42-016162BC3278}.Release|Any CPU.Build.0 = Release|Any CPU
	EndGlobalSection
	GlobalSection(SolutionProperties) = preSolution
		HideSolutionNode = FALSE
	EndGlobalSection
	GlobalSection(ExtensibilityGlobals) = postSolution
		SolutionGuid = {0AE4E967-7CF8-4329-8BEE-2160B42D6180}
	EndGlobalSection
EndGlobal
