
Microsoft Visual Studio Solution File, Format Version 12.00
# Visual Studio Version 16
VisualStudioVersion = 16.0.31702.278
MinimumVisualStudioVersion = 10.0.40219.1
Project("{FAE04EC0-301F-11D3-BF4B-00C04F79EFBC}") = "Vehicles", "Vehicles.csproj", "{044AFF6C-2858-4C93-9E32-8E01DA08CE86}"
EndProject
Global
	GlobalSection(SolutionConfigurationPlatforms) = preSolution
		Debug|Any CPU = Debug|Any CPU
		Release|Any CPU = Release|Any CPU
	EndGlobalSection
	GlobalSection(ProjectConfigurationPlatforms) = postSolution
		{044AFF6C-2858-4C93-9E32-8E01DA08CE86}.Debug|Any CPU.ActiveCfg = Debug|Any CPU
		{044AFF6C-2858-4C93-9E32-8E01DA08CE86}.Debug|Any CPU.Build.0 = Debug|Any CPU
		{044AFF6C-2858-4C93-9E32-8E01DA08CE86}.Release|Any CPU.ActiveCfg = Release|Any CPU
		{044AFF6C-2858-4C93-9E32-8E01DA08CE86}.Release|Any CPU.Build.0 = Release|Any CPU
	EndGlobalSection
	GlobalSection(SolutionProperties) = preSolution
		HideSolutionNode = FALSE
	EndGlobalSection
	GlobalSection(ExtensibilityGlobals) = postSolution
		SolutionGuid = {EA689946-24BD-4344-8E39-D6EAA46F8690}
	EndGlobalSection
EndGlobal
