
Microsoft Visual Studio Solution File, Format Version 12.00
# Visual Studio Version 16
VisualStudioVersion = 16.0.31702.278
MinimumVisualStudioVersion = 10.0.40219.1
Project("{FAE04EC0-301F-11D3-BF4B-00C04F79EFBC}") = "Unit1Test1Q2", "Unit1Test1Q2.csproj", "{335C7C73-1B6B-4038-A0F6-CD52835A5E36}"
EndProject
Global
	GlobalSection(SolutionConfigurationPlatforms) = preSolution
		Debug|Any CPU = Debug|Any CPU
		Release|Any CPU = Release|Any CPU
	EndGlobalSection
	GlobalSection(ProjectConfigurationPlatforms) = postSolution
		{335C7C73-1B6B-4038-A0F6-CD52835A5E36}.Debug|Any CPU.ActiveCfg = Debug|Any CPU
		{335C7C73-1B6B-4038-A0F6-CD52835A5E36}.Debug|Any CPU.Build.0 = Debug|Any CPU
		{335C7C73-1B6B-4038-A0F6-CD52835A5E36}.Release|Any CPU.ActiveCfg = Release|Any CPU
		{335C7C73-1B6B-4038-A0F6-CD52835A5E36}.Release|Any CPU.Build.0 = Release|Any CPU
	EndGlobalSection
	GlobalSection(SolutionProperties) = preSolution
		HideSolutionNode = FALSE
	EndGlobalSection
	GlobalSection(ExtensibilityGlobals) = postSolution
		SolutionGuid = {4A9307CA-7F23-47E7-8059-1D2709BBA8C4}
	EndGlobalSection
EndGlobal
