
Microsoft Visual Studio Solution File, Format Version 12.00
# Visual Studio Version 16
VisualStudioVersion = 16.0.31702.278
MinimumVisualStudioVersion = 10.0.40219.1
Project("{FAE04EC0-301F-11D3-BF4B-00C04F79EFBC}") = "Unit1Test1Q4", "Unit1Test1Q4.csproj", "{B48BDEF3-CFEE-42F8-83EB-5A0434C0038A}"
EndProject
Global
	GlobalSection(SolutionConfigurationPlatforms) = preSolution
		Debug|Any CPU = Debug|Any CPU
		Release|Any CPU = Release|Any CPU
	EndGlobalSection
	GlobalSection(ProjectConfigurationPlatforms) = postSolution
		{B48BDEF3-CFEE-42F8-83EB-5A0434C0038A}.Debug|Any CPU.ActiveCfg = Debug|Any CPU
		{B48BDEF3-CFEE-42F8-83EB-5A0434C0038A}.Debug|Any CPU.Build.0 = Debug|Any CPU
		{B48BDEF3-CFEE-42F8-83EB-5A0434C0038A}.Release|Any CPU.ActiveCfg = Release|Any CPU
		{B48BDEF3-CFEE-42F8-83EB-5A0434C0038A}.Release|Any CPU.Build.0 = Release|Any CPU
	EndGlobalSection
	GlobalSection(SolutionProperties) = preSolution
		HideSolutionNode = FALSE
	EndGlobalSection
	GlobalSection(ExtensibilityGlobals) = postSolution
		SolutionGuid = {DB2EE706-82FE-47BC-8FF7-FFEC4AA265D0}
	EndGlobalSection
EndGlobal
