
Microsoft Visual Studio Solution File, Format Version 12.00
# Visual Studio Version 16
VisualStudioVersion = 16.0.31702.278
MinimumVisualStudioVersion = 10.0.40219.1
Project("{FAE04EC0-301F-11D3-BF4B-00C04F79EFBC}") = "Unit1Test1Q1", "Unit1Test1Q1.csproj", "{B70823DE-B148-4C49-ACCF-5F17643C59E6}"
EndProject
Global
	GlobalSection(SolutionConfigurationPlatforms) = preSolution
		Debug|Any CPU = Debug|Any CPU
		Release|Any CPU = Release|Any CPU
	EndGlobalSection
	GlobalSection(ProjectConfigurationPlatforms) = postSolution
		{B70823DE-B148-4C49-ACCF-5F17643C59E6}.Debug|Any CPU.ActiveCfg = Debug|Any CPU
		{B70823DE-B148-4C49-ACCF-5F17643C59E6}.Debug|Any CPU.Build.0 = Debug|Any CPU
		{B70823DE-B148-4C49-ACCF-5F17643C59E6}.Release|Any CPU.ActiveCfg = Release|Any CPU
		{B70823DE-B148-4C49-ACCF-5F17643C59E6}.Release|Any CPU.Build.0 = Release|Any CPU
	EndGlobalSection
	GlobalSection(SolutionProperties) = preSolution
		HideSolutionNode = FALSE
	EndGlobalSection
	GlobalSection(ExtensibilityGlobals) = postSolution
		SolutionGuid = {B1884520-6FDE-429F-8997-2911DCF48F51}
	EndGlobalSection
EndGlobal
