
Microsoft Visual Studio Solution File, Format Version 12.00
# Visual Studio Version 16
VisualStudioVersion = 16.0.31702.278
MinimumVisualStudioVersion = 10.0.40219.1
Project("{FAE04EC0-301F-11D3-BF4B-00C04F79EFBC}") = "PE11Q5WindowsFormsApp", "PE11Q5WindowsFormsApp.csproj", "{202AB729-8C6A-4848-964F-F04852868ECB}"
EndProject
Global
	GlobalSection(SolutionConfigurationPlatforms) = preSolution
		Debug|Any CPU = Debug|Any CPU
		Release|Any CPU = Release|Any CPU
	EndGlobalSection
	GlobalSection(ProjectConfigurationPlatforms) = postSolution
		{202AB729-8C6A-4848-964F-F04852868ECB}.Debug|Any CPU.ActiveCfg = Debug|Any CPU
		{202AB729-8C6A-4848-964F-F04852868ECB}.Debug|Any CPU.Build.0 = Debug|Any CPU
		{202AB729-8C6A-4848-964F-F04852868ECB}.Release|Any CPU.ActiveCfg = Release|Any CPU
		{202AB729-8C6A-4848-964F-F04852868ECB}.Release|Any CPU.Build.0 = Release|Any CPU
	EndGlobalSection
	GlobalSection(SolutionProperties) = preSolution
		HideSolutionNode = FALSE
	EndGlobalSection
	GlobalSection(ExtensibilityGlobals) = postSolution
		SolutionGuid = {83433CF9-B753-405C-9B12-6A24FC0E08C4}
	EndGlobalSection
EndGlobal
