
Microsoft Visual Studio Solution File, Format Version 12.00
# Visual Studio Version 16
VisualStudioVersion = 16.0.31911.196
MinimumVisualStudioVersion = 10.0.40219.1
Project("{FAE04EC0-301F-11D3-BF4B-00C04F79EFBC}") = "FinalQ4", "FinalQ4.csproj", "{412EA044-70F5-4590-8531-5626DDDA479B}"
EndProject
Global
	GlobalSection(SolutionConfigurationPlatforms) = preSolution
		Debug|Any CPU = Debug|Any CPU
		Release|Any CPU = Release|Any CPU
	EndGlobalSection
	GlobalSection(ProjectConfigurationPlatforms) = postSolution
		{412EA044-70F5-4590-8531-5626DDDA479B}.Debug|Any CPU.ActiveCfg = Debug|Any CPU
		{412EA044-70F5-4590-8531-5626DDDA479B}.Debug|Any CPU.Build.0 = Debug|Any CPU
		{412EA044-70F5-4590-8531-5626DDDA479B}.Release|Any CPU.ActiveCfg = Release|Any CPU
		{412EA044-70F5-4590-8531-5626DDDA479B}.Release|Any CPU.Build.0 = Release|Any CPU
	EndGlobalSection
	GlobalSection(SolutionProperties) = preSolution
		HideSolutionNode = FALSE
	EndGlobalSection
	GlobalSection(ExtensibilityGlobals) = postSolution
		SolutionGuid = {C31CF868-625B-41A7-A07C-0A5F1440CFA7}
	EndGlobalSection
EndGlobal
