
Microsoft Visual Studio Solution File, Format Version 12.00
# Visual Studio Version 16
VisualStudioVersion = 16.0.31702.278
MinimumVisualStudioVersion = 10.0.40219.1
Project("{FAE04EC0-301F-11D3-BF4B-00C04F79EFBC}") = "PE12Q3", "PE12Q3.csproj", "{898B2F09-4644-428F-BAAF-71D9ED404AB9}"
EndProject
Global
	GlobalSection(SolutionConfigurationPlatforms) = preSolution
		Debug|Any CPU = Debug|Any CPU
		Release|Any CPU = Release|Any CPU
	EndGlobalSection
	GlobalSection(ProjectConfigurationPlatforms) = postSolution
		{898B2F09-4644-428F-BAAF-71D9ED404AB9}.Debug|Any CPU.ActiveCfg = Debug|Any CPU
		{898B2F09-4644-428F-BAAF-71D9ED404AB9}.Debug|Any CPU.Build.0 = Debug|Any CPU
		{898B2F09-4644-428F-BAAF-71D9ED404AB9}.Release|Any CPU.ActiveCfg = Release|Any CPU
		{898B2F09-4644-428F-BAAF-71D9ED404AB9}.Release|Any CPU.Build.0 = Release|Any CPU
	EndGlobalSection
	GlobalSection(SolutionProperties) = preSolution
		HideSolutionNode = FALSE
	EndGlobalSection
	GlobalSection(ExtensibilityGlobals) = postSolution
		SolutionGuid = {4261818D-C998-4D1F-BEF5-5AD33FE52098}
	EndGlobalSection
EndGlobal
