
Microsoft Visual Studio Solution File, Format Version 12.00
# Visual Studio Version 16
VisualStudioVersion = 16.0.31624.102
MinimumVisualStudioVersion = 10.0.40219.1
Project("{FAE04EC0-301F-11D3-BF4B-00C04F79EFBC}") = "PE7", "PE7.csproj", "{EDC50003-1B81-4866-B0F3-C3BC6FEE1411}"
EndProject
Global
	GlobalSection(SolutionConfigurationPlatforms) = preSolution
		Debug|Any CPU = Debug|Any CPU
		Release|Any CPU = Release|Any CPU
	EndGlobalSection
	GlobalSection(ProjectConfigurationPlatforms) = postSolution
		{EDC50003-1B81-4866-B0F3-C3BC6FEE1411}.Debug|Any CPU.ActiveCfg = Debug|Any CPU
		{EDC50003-1B81-4866-B0F3-C3BC6FEE1411}.Debug|Any CPU.Build.0 = Debug|Any CPU
		{EDC50003-1B81-4866-B0F3-C3BC6FEE1411}.Release|Any CPU.ActiveCfg = Release|Any CPU
		{EDC50003-1B81-4866-B0F3-C3BC6FEE1411}.Release|Any CPU.Build.0 = Release|Any CPU
	EndGlobalSection
	GlobalSection(SolutionProperties) = preSolution
		HideSolutionNode = FALSE
	EndGlobalSection
	GlobalSection(ExtensibilityGlobals) = postSolution
		SolutionGuid = {DC7486E8-9E23-437D-8BD0-56C15027D0EC}
	EndGlobalSection
EndGlobal
